Microsoft Visual Studio Solution File, Format Version 12.00
# Visual Studio 15
VisualStudioVersion = 15.0.26430.14
MinimumVisualStudioVersion = 10.0.40219.1
Project("{FAE04EC0-301F-11D3-BF4B-00C04F79EFBC}") = "SampleTest", "SampleTest\SampleTest.csproj", "{243E2C90-F465-4A6E-9063-8F2C138015C7}"
EndProject
Project("{FAE04EC0-301F-11D3-BF4B-00C04F79EFBC}") = "OpGenerator", "OpGenerator\OpGenerator.csproj", "{700E5928-3D5D-4B54-AD4D-BC48E79E389E}"
EndProject
Project("{FAE04EC0-301F-11D3-BF4B-00C04F79EFBC}") = "Learn", "Learn\Learn.csproj", "{20567EDE-7C20-4734-B489-C6D303843105}"
EndProject
Project("{FAE04EC0-301F-11D3-BF4B-00C04F79EFBC}") = "ExampleInceptionInference", "Examples\ExampleInceptionInference\ExampleInceptionInference.csproj", "{069A6736-7711-4805-8660-A267E713BC54}"
EndProject
Project("{f2a71f9b-5d33-465a-a702-920d77279786}") = "FSharpExampleInceptionInference", "Examples\FExampleInceptionInference\FSharpExampleInceptionInference.fsproj", "{03FB7F3A-6D24-4033-9B04-69AD8A198CCF}"
EndProject
Project("{2150E333-8FDC-42A3-9474-1A3956D46DE8}") = "Examples", "Examples", "{674EC1D7-9649-462E-A7A8-93D0DE84FE64}"
EndProject
Project("{f2a71f9b-5d33-465a-a702-920d77279786}") = "ImageCompression", "Examples\ImageCompression\ImageCompression.fsproj", "{5A493E1F-407D-4A3B-AF9B-A0F2930C1C18}"
EndProject
Project("{2150E333-8FDC-42A3-9474-1A3956D46DE8}") = "tests", "tests", "{6E72CAD1-7962-4256-AF2A-3B813FFC88EA}"
EndProject
Project("{f2a71f9b-5d33-465a-a702-920d77279786}") = "TensorFlowSharp.Tests", "tests\TensorFlowSharp.Tests\TensorFlowSharp.Tests.fsproj", "{9EE13143-569F-4F7A-975A-DE7DF5C8FF0B}"
EndProject
Project("{FAE04EC0-301F-11D3-BF4B-00C04F79EFBC}") = "TensorFlowSharp.Tests.CSharp", "tests\TensorFlowSharp.Tests.CSharp\TensorFlowSharp.Tests.CSharp.csproj", "{6504A704-575C-48D0-A4D2-422A7010936B}"
EndProject
Project("{FAE04EC0-301F-11D3-BF4B-00C04F79EFBC}") = "TensorFlowSharp.Android", "TensorFlowSharp.Android\TensorFlowSharp.Android.csproj", "{65377811-0F9A-4766-AE58-1E53217CE18E}"
EndProject
Project("{FAE04EC0-301F-11D3-BF4B-00C04F79EFBC}") = "TensorFlowSharp.iOS", "TensorFlowSharp.iOS\TensorFlowSharp.iOS.csproj", "{CC826D84-BED4-4860-BB6D-046AD57BDE9D}"
EndProject
Project("{FAE04EC0-301F-11D3-BF4B-00C04F79EFBC}") = "TensorFlowSharp", "TensorFlowSharp\TensorFlowSharp.csproj", "{0264C321-34F4-46AF-819E-168D1E597232}"
EndProject
Project("{5DD5E4FA-CB73-4610-85AB-557B54E96AA9}") = "TensorFlowSharp.NuGet", "TensorFlowSharp.NuGet\TensorFlowSharp.NuGet.nuproj", "{1BE9F868-AB3B-4B5A-A955-1992406882E1}"
EndProject
Project("{D954291E-2A0B-460D-934E-DC6B0785DB48}") = "TensorFlowSharp.Shared", "TensorFlowSharp.Shared\TensorFlowSharp.Shared.shproj", "{3BFF2EC2-5DD9-4706-BDE9-3A022BB0467D}"
EndProject
Project("{FAE04EC0-301F-11D3-BF4B-00C04F79EFBC}") = "FastStyleTransferIOS", "Examples\FastStyleTransferIOS\FastStyleTransferIOS.csproj", "{06F13945-4C6D-4C9E-8211-4462E4BF7F62}"
EndProject
Global
	GlobalSection(SolutionConfigurationPlatforms) = preSolution
		Debug|Any CPU = Debug|Any CPU
		Release|Any CPU = Release|Any CPU
		Debug|iPhoneSimulator = Debug|iPhoneSimulator
		Release|iPhone = Release|iPhone
		Release|iPhoneSimulator = Release|iPhoneSimulator
		Debug|iPhone = Debug|iPhone
	EndGlobalSection
	GlobalSection(ProjectConfigurationPlatforms) = postSolution
		{243E2C90-F465-4A6E-9063-8F2C138015C7}.Debug|Any CPU.ActiveCfg = Debug|Any CPU
		{243E2C90-F465-4A6E-9063-8F2C138015C7}.Debug|Any CPU.Build.0 = Debug|Any CPU
		{243E2C90-F465-4A6E-9063-8F2C138015C7}.Release|Any CPU.ActiveCfg = Release|Any CPU
		{243E2C90-F465-4A6E-9063-8F2C138015C7}.Release|Any CPU.Build.0 = Release|Any CPU
		{243E2C90-F465-4A6E-9063-8F2C138015C7}.Debug|iPhoneSimulator.ActiveCfg = Debug|Any CPU
		{243E2C90-F465-4A6E-9063-8F2C138015C7}.Debug|iPhoneSimulator.Build.0 = Debug|Any CPU
		{243E2C90-F465-4A6E-9063-8F2C138015C7}.Release|iPhone.ActiveCfg = Release|Any CPU
		{243E2C90-F465-4A6E-9063-8F2C138015C7}.Release|iPhone.Build.0 = Release|Any CPU
		{243E2C90-F465-4A6E-9063-8F2C138015C7}.Release|iPhoneSimulator.ActiveCfg = Release|Any CPU
		{243E2C90-F465-4A6E-9063-8F2C138015C7}.Release|iPhoneSimulator.Build.0 = Release|Any CPU
		{243E2C90-F465-4A6E-9063-8F2C138015C7}.Debug|iPhone.ActiveCfg = Debug|Any CPU
		{243E2C90-F465-4A6E-9063-8F2C138015C7}.Debug|iPhone.Build.0 = Debug|Any CPU
		{700E5928-3D5D-4B54-AD4D-BC48E79E389E}.Debug|Any CPU.ActiveCfg = Debug|Any CPU
		{700E5928-3D5D-4B54-AD4D-BC48E79E389E}.Debug|Any CPU.Build.0 = Debug|Any CPU
		{700E5928-3D5D-4B54-AD4D-BC48E79E389E}.Release|Any CPU.ActiveCfg = Release|Any CPU
		{700E5928-3D5D-4B54-AD4D-BC48E79E389E}.Release|Any CPU.Build.0 = Release|Any CPU
		{700E5928-3D5D-4B54-AD4D-BC48E79E389E}.Debug|iPhoneSimulator.ActiveCfg = Debug|Any CPU
		{700E5928-3D5D-4B54-AD4D-BC48E79E389E}.Debug|iPhoneSimulator.Build.0 = Debug|Any CPU
		{700E5928-3D5D-4B54-AD4D-BC48E79E389E}.Release|iPhone.ActiveCfg = Release|Any CPU
		{700E5928-3D5D-4B54-AD4D-BC48E79E389E}.Release|iPhone.Build.0 = Release|Any CPU
		{700E5928-3D5D-4B54-AD4D-BC48E79E389E}.Release|iPhoneSimulator.ActiveCfg = Release|Any CPU
		{700E5928-3D5D-4B54-AD4D-BC48E79E389E}.Release|iPhoneSimulator.Build.0 = Release|Any CPU
		{700E5928-3D5D-4B54-AD4D-BC48E79E389E}.Debug|iPhone.ActiveCfg = Debug|Any CPU
		{700E5928-3D5D-4B54-AD4D-BC48E79E389E}.Debug|iPhone.Build.0 = Debug|Any CPU
		{20567EDE-7C20-4734-B489-C6D303843105}.Debug|Any CPU.ActiveCfg = Debug|Any CPU
		{20567EDE-7C20-4734-B489-C6D303843105}.Debug|Any CPU.Build.0 = Debug|Any CPU
		{20567EDE-7C20-4734-B489-C6D303843105}.Release|Any CPU.ActiveCfg = Release|Any CPU
		{20567EDE-7C20-4734-B489-C6D303843105}.Release|Any CPU.Build.0 = Release|Any CPU
		{20567EDE-7C20-4734-B489-C6D303843105}.Debug|iPhoneSimulator.ActiveCfg = Debug|Any CPU
		{20567EDE-7C20-4734-B489-C6D303843105}.Debug|iPhoneSimulator.Build.0 = Debug|Any CPU
		{20567EDE-7C20-4734-B489-C6D303843105}.Release|iPhone.ActiveCfg = Release|Any CPU
		{20567EDE-7C20-4734-B489-C6D303843105}.Release|iPhone.Build.0 = Release|Any CPU
		{20567EDE-7C20-4734-B489-C6D303843105}.Release|iPhoneSimulator.ActiveCfg = Release|Any CPU
		{20567EDE-7C20-4734-B489-C6D303843105}.Release|iPhoneSimulator.Build.0 = Release|Any CPU
		{20567EDE-7C20-4734-B489-C6D303843105}.Debug|iPhone.ActiveCfg = Debug|Any CPU
		{20567EDE-7C20-4734-B489-C6D303843105}.Debug|iPhone.Build.0 = Debug|Any CPU
		{069A6736-7711-4805-8660-A267E713BC54}.Debug|Any CPU.ActiveCfg = Debug|Any CPU
		{069A6736-7711-4805-8660-A267E713BC54}.Debug|Any CPU.Build.0 = Debug|Any CPU
		{069A6736-7711-4805-8660-A267E713BC54}.Release|Any CPU.ActiveCfg = Release|Any CPU
		{069A6736-7711-4805-8660-A267E713BC54}.Release|Any CPU.Build.0 = Release|Any CPU
		{069A6736-7711-4805-8660-A267E713BC54}.Debug|iPhoneSimulator.ActiveCfg = Debug|Any CPU
		{069A6736-7711-4805-8660-A267E713BC54}.Debug|iPhoneSimulator.Build.0 = Debug|Any CPU
		{069A6736-7711-4805-8660-A267E713BC54}.Release|iPhone.ActiveCfg = Release|Any CPU
		{069A6736-7711-4805-8660-A267E713BC54}.Release|iPhone.Build.0 = Release|Any CPU
		{069A6736-7711-4805-8660-A267E713BC54}.Release|iPhoneSimulator.ActiveCfg = Release|Any CPU
		{069A6736-7711-4805-8660-A267E713BC54}.Release|iPhoneSimulator.Build.0 = Release|Any CPU
		{069A6736-7711-4805-8660-A267E713BC54}.Debug|iPhone.ActiveCfg = Debug|Any CPU
		{069A6736-7711-4805-8660-A267E713BC54}.Debug|iPhone.Build.0 = Debug|Any CPU
		{03FB7F3A-6D24-4033-9B04-69AD8A198CCF}.Debug|Any CPU.ActiveCfg = Debug|Any CPU
		{03FB7F3A-6D24-4033-9B04-69AD8A198CCF}.Debug|Any CPU.Build.0 = Debug|Any CPU
		{03FB7F3A-6D24-4033-9B04-69AD8A198CCF}.Release|Any CPU.ActiveCfg = Release|Any CPU
		{03FB7F3A-6D24-4033-9B04-69AD8A198CCF}.Release|Any CPU.Build.0 = Release|Any CPU
		{03FB7F3A-6D24-4033-9B04-69AD8A198CCF}.Debug|iPhoneSimulator.ActiveCfg = Debug|Any CPU
		{03FB7F3A-6D24-4033-9B04-69AD8A198CCF}.Debug|iPhoneSimulator.Build.0 = Debug|Any CPU
		{03FB7F3A-6D24-4033-9B04-69AD8A198CCF}.Release|iPhone.ActiveCfg = Release|Any CPU
		{03FB7F3A-6D24-4033-9B04-69AD8A198CCF}.Release|iPhone.Build.0 = Release|Any CPU
		{03FB7F3A-6D24-4033-9B04-69AD8A198CCF}.Release|iPhoneSimulator.ActiveCfg = Release|Any CPU
		{03FB7F3A-6D24-4033-9B04-69AD8A198CCF}.Release|iPhoneSimulator.Build.0 = Release|Any CPU
		{03FB7F3A-6D24-4033-9B04-69AD8A198CCF}.Debug|iPhone.ActiveCfg = Debug|Any CPU
		{03FB7F3A-6D24-4033-9B04-69AD8A198CCF}.Debug|iPhone.Build.0 = Debug|Any CPU
		{5A493E1F-407D-4A3B-AF9B-A0F2930C1C18}.Debug|Any CPU.ActiveCfg = Debug|Any CPU
		{5A493E1F-407D-4A3B-AF9B-A0F2930C1C18}.Debug|Any CPU.Build.0 = Debug|Any CPU
		{5A493E1F-407D-4A3B-AF9B-A0F2930C1C18}.Release|Any CPU.ActiveCfg = Release|Any CPU
		{5A493E1F-407D-4A3B-AF9B-A0F2930C1C18}.Release|Any CPU.Build.0 = Release|Any CPU
		{5A493E1F-407D-4A3B-AF9B-A0F2930C1C18}.Debug|iPhoneSimulator.ActiveCfg = Debug|Any CPU
		{5A493E1F-407D-4A3B-AF9B-A0F2930C1C18}.Debug|iPhoneSimulator.Build.0 = Debug|Any CPU
		{5A493E1F-407D-4A3B-AF9B-A0F2930C1C18}.Release|iPhone.ActiveCfg = Release|Any CPU
		{5A493E1F-407D-4A3B-AF9B-A0F2930C1C18}.Release|iPhone.Build.0 = Release|Any CPU
		{5A493E1F-407D-4A3B-AF9B-A0F2930C1C18}.Release|iPhoneSimulator.ActiveCfg = Release|Any CPU
		{5A493E1F-407D-4A3B-AF9B-A0F2930C1C18}.Release|iPhoneSimulator.Build.0 = Release|Any CPU
		{5A493E1F-407D-4A3B-AF9B-A0F2930C1C18}.Debug|iPhone.ActiveCfg = Debug|Any CPU
		{5A493E1F-407D-4A3B-AF9B-A0F2930C1C18}.Debug|iPhone.Build.0 = Debug|Any CPU
		{9EE13143-569F-4F7A-975A-DE7DF5C8FF0B}.Debug|Any CPU.ActiveCfg = Debug|Any CPU
		{9EE13143-569F-4F7A-975A-DE7DF5C8FF0B}.Debug|Any CPU.Build.0 = Debug|Any CPU
		{9EE13143-569F-4F7A-975A-DE7DF5C8FF0B}.Release|Any CPU.ActiveCfg = Release|Any CPU
		{9EE13143-569F-4F7A-975A-DE7DF5C8FF0B}.Release|Any CPU.Build.0 = Release|Any CPU
		{9EE13143-569F-4F7A-975A-DE7DF5C8FF0B}.Debug|iPhoneSimulator.ActiveCfg = Debug|Any CPU
		{9EE13143-569F-4F7A-975A-DE7DF5C8FF0B}.Debug|iPhoneSimulator.Build.0 = Debug|Any CPU
		{9EE13143-569F-4F7A-975A-DE7DF5C8FF0B}.Release|iPhone.ActiveCfg = Release|Any CPU
		{9EE13143-569F-4F7A-975A-DE7DF5C8FF0B}.Release|iPhone.Build.0 = Release|Any CPU
		{9EE13143-569F-4F7A-975A-DE7DF5C8FF0B}.Release|iPhoneSimulator.ActiveCfg = Release|Any CPU
		{9EE13143-569F-4F7A-975A-DE7DF5C8FF0B}.Release|iPhoneSimulator.Build.0 = Release|Any CPU
		{9EE13143-569F-4F7A-975A-DE7DF5C8FF0B}.Debug|iPhone.ActiveCfg = Debug|Any CPU
		{9EE13143-569F-4F7A-975A-DE7DF5C8FF0B}.Debug|iPhone.Build.0 = Debug|Any CPU
		{6504A704-575C-48D0-A4D2-422A7010936B}.Debug|Any CPU.ActiveCfg = Debug|Any CPU
		{6504A704-575C-48D0-A4D2-422A7010936B}.Debug|Any CPU.Build.0 = Debug|Any CPU
		{6504A704-575C-48D0-A4D2-422A7010936B}.Release|Any CPU.ActiveCfg = Release|Any CPU
		{6504A704-575C-48D0-A4D2-422A7010936B}.Release|Any CPU.Build.0 = Release|Any CPU
		{6504A704-575C-48D0-A4D2-422A7010936B}.Debug|iPhoneSimulator.ActiveCfg = Debug|Any CPU
		{6504A704-575C-48D0-A4D2-422A7010936B}.Release|iPhone.ActiveCfg = Release|Any CPU
		{6504A704-575C-48D0-A4D2-422A7010936B}.Release|iPhoneSimulator.ActiveCfg = Release|Any CPU
		{6504A704-575C-48D0-A4D2-422A7010936B}.Debug|iPhone.ActiveCfg = Debug|Any CPU
		{65377811-0F9A-4766-AE58-1E53217CE18E}.Debug|Any CPU.ActiveCfg = Debug|Any CPU
		{65377811-0F9A-4766-AE58-1E53217CE18E}.Debug|Any CPU.Build.0 = Debug|Any CPU
		{65377811-0F9A-4766-AE58-1E53217CE18E}.Release|Any CPU.ActiveCfg = Release|Any CPU
		{65377811-0F9A-4766-AE58-1E53217CE18E}.Release|Any CPU.Build.0 = Release|Any CPU
		{65377811-0F9A-4766-AE58-1E53217CE18E}.Debug|iPhoneSimulator.ActiveCfg = Debug|Any CPU
		{65377811-0F9A-4766-AE58-1E53217CE18E}.Debug|iPhoneSimulator.Build.0 = Debug|Any CPU
		{65377811-0F9A-4766-AE58-1E53217CE18E}.Release|iPhone.ActiveCfg = Release|Any CPU
		{65377811-0F9A-4766-AE58-1E53217CE18E}.Release|iPhone.Build.0 = Release|Any CPU
		{65377811-0F9A-4766-AE58-1E53217CE18E}.Release|iPhoneSimulator.ActiveCfg = Release|Any CPU
		{65377811-0F9A-4766-AE58-1E53217CE18E}.Release|iPhoneSimulator.Build.0 = Release|Any CPU
		{65377811-0F9A-4766-AE58-1E53217CE18E}.Debug|iPhone.ActiveCfg = Debug|Any CPU
		{65377811-0F9A-4766-AE58-1E53217CE18E}.Debug|iPhone.Build.0 = Debug|Any CPU
		{CC826D84-BED4-4860-BB6D-046AD57BDE9D}.Debug|Any CPU.ActiveCfg = Debug|Any CPU
		{CC826D84-BED4-4860-BB6D-046AD57BDE9D}.Debug|Any CPU.Build.0 = Debug|Any CPU
		{CC826D84-BED4-4860-BB6D-046AD57BDE9D}.Release|Any CPU.ActiveCfg = Release|Any CPU
		{CC826D84-BED4-4860-BB6D-046AD57BDE9D}.Release|Any CPU.Build.0 = Release|Any CPU
		{CC826D84-BED4-4860-BB6D-046AD57BDE9D}.Debug|iPhoneSimulator.ActiveCfg = Debug|Any CPU
		{CC826D84-BED4-4860-BB6D-046AD57BDE9D}.Debug|iPhoneSimulator.Build.0 = Debug|Any CPU
		{CC826D84-BED4-4860-BB6D-046AD57BDE9D}.Release|iPhone.ActiveCfg = Release|Any CPU
		{CC826D84-BED4-4860-BB6D-046AD57BDE9D}.Release|iPhone.Build.0 = Release|Any CPU
		{CC826D84-BED4-4860-BB6D-046AD57BDE9D}.Release|iPhoneSimulator.ActiveCfg = Release|Any CPU
		{CC826D84-BED4-4860-BB6D-046AD57BDE9D}.Release|iPhoneSimulator.Build.0 = Release|Any CPU
		{CC826D84-BED4-4860-BB6D-046AD57BDE9D}.Debug|iPhone.ActiveCfg = Debug|Any CPU
		{CC826D84-BED4-4860-BB6D-046AD57BDE9D}.Debug|iPhone.Build.0 = Debug|Any CPU
		{0264C321-34F4-46AF-819E-168D1E597232}.Debug|Any CPU.ActiveCfg = Debug|Any CPU
		{0264C321-34F4-46AF-819E-168D1E597232}.Debug|Any CPU.Build.0 = Debug|Any CPU
		{0264C321-34F4-46AF-819E-168D1E597232}.Release|Any CPU.ActiveCfg = Release|Any CPU
		{0264C321-34F4-46AF-819E-168D1E597232}.Release|Any CPU.Build.0 = Release|Any CPU
		{0264C321-34F4-46AF-819E-168D1E597232}.Debug|iPhoneSimulator.ActiveCfg = Debug|Any CPU
		{0264C321-34F4-46AF-819E-168D1E597232}.Debug|iPhoneSimulator.Build.0 = Debug|Any CPU
		{0264C321-34F4-46AF-819E-168D1E597232}.Release|iPhone.ActiveCfg = Release|Any CPU
		{0264C321-34F4-46AF-819E-168D1E597232}.Release|iPhone.Build.0 = Release|Any CPU
		{0264C321-34F4-46AF-819E-168D1E597232}.Release|iPhoneSimulator.ActiveCfg = Release|Any CPU
		{0264C321-34F4-46AF-819E-168D1E597232}.Release|iPhoneSimulator.Build.0 = Release|Any CPU
		{0264C321-34F4-46AF-819E-168D1E597232}.Debug|iPhone.ActiveCfg = Debug|Any CPU
		{0264C321-34F4-46AF-819E-168D1E597232}.Debug|iPhone.Build.0 = Debug|Any CPU
		{1BE9F868-AB3B-4B5A-A955-1992406882E1}.Debug|Any CPU.ActiveCfg = Debug|Any CPU
		{1BE9F868-AB3B-4B5A-A955-1992406882E1}.Debug|Any CPU.Build.0 = Debug|Any CPU
		{1BE9F868-AB3B-4B5A-A955-1992406882E1}.Release|Any CPU.ActiveCfg = Release|Any CPU
		{1BE9F868-AB3B-4B5A-A955-1992406882E1}.Release|Any CPU.Build.0 = Release|Any CPU
		{1BE9F868-AB3B-4B5A-A955-1992406882E1}.Debug|iPhoneSimulator.ActiveCfg = Debug|Any CPU
		{1BE9F868-AB3B-4B5A-A955-1992406882E1}.Debug|iPhoneSimulator.Build.0 = Debug|Any CPU
		{1BE9F868-AB3B-4B5A-A955-1992406882E1}.Release|iPhone.ActiveCfg = Release|Any CPU
		{1BE9F868-AB3B-4B5A-A955-1992406882E1}.Release|iPhone.Build.0 = Release|Any CPU
		{1BE9F868-AB3B-4B5A-A955-1992406882E1}.Release|iPhoneSimulator.ActiveCfg = Release|Any CPU
		{1BE9F868-AB3B-4B5A-A955-1992406882E1}.Release|iPhoneSimulator.Build.0 = Release|Any CPU
		{1BE9F868-AB3B-4B5A-A955-1992406882E1}.Debug|iPhone.ActiveCfg = Debug|Any CPU
		{1BE9F868-AB3B-4B5A-A955-1992406882E1}.Debug|iPhone.Build.0 = Debug|Any CPU
		{06F13945-4C6D-4C9E-8211-4462E4BF7F62}.Debug|Any CPU.ActiveCfg = Debug|iPhoneSimulator
		{06F13945-4C6D-4C9E-8211-4462E4BF7F62}.Debug|Any CPU.Build.0 = Debug|iPhoneSimulator
		{06F13945-4C6D-4C9E-8211-4462E4BF7F62}.Release|Any CPU.ActiveCfg = Release|iPhone
		{06F13945-4C6D-4C9E-8211-4462E4BF7F62}.Release|Any CPU.Build.0 = Release|iPhone
		{06F13945-4C6D-4C9E-8211-4462E4BF7F62}.Debug|iPhoneSimulator.ActiveCfg = Debug|iPhoneSimulator
		{06F13945-4C6D-4C9E-8211-4462E4BF7F62}.Debug|iPhoneSimulator.Build.0 = Debug|iPhoneSimulator
		{06F13945-4C6D-4C9E-8211-4462E4BF7F62}.Release|iPhone.ActiveCfg = Release|iPhone
		{06F13945-4C6D-4C9E-8211-4462E4BF7F62}.Release|iPhone.Build.0 = Release|iPhone
		{06F13945-4C6D-4C9E-8211-4462E4BF7F62}.Release|iPhoneSimulator.ActiveCfg = Release|iPhoneSimulator
		{06F13945-4C6D-4C9E-8211-4462E4BF7F62}.Release|iPhoneSimulator.Build.0 = Release|iPhoneSimulator
		{06F13945-4C6D-4C9E-8211-4462E4BF7F62}.Debug|iPhone.ActiveCfg = Debug|iPhone
		{06F13945-4C6D-4C9E-8211-4462E4BF7F62}.Debug|iPhone.Build.0 = Debug|iPhone
	EndGlobalSection
	GlobalSection(SolutionProperties) = preSolution
		HideSolutionNode = FALSE
	EndGlobalSection
	GlobalSection(NestedProjects) = preSolution
		{069A6736-7711-4805-8660-A267E713BC54} = {674EC1D7-9649-462E-A7A8-93D0DE84FE64}
		{03FB7F3A-6D24-4033-9B04-69AD8A198CCF} = {674EC1D7-9649-462E-A7A8-93D0DE84FE64}
		{5A493E1F-407D-4A3B-AF9B-A0F2930C1C18} = {674EC1D7-9649-462E-A7A8-93D0DE84FE64}
		{9EE13143-569F-4F7A-975A-DE7DF5C8FF0B} = {6E72CAD1-7962-4256-AF2A-3B813FFC88EA}
		{6504A704-575C-48D0-A4D2-422A7010936B} = {6E72CAD1-7962-4256-AF2A-3B813FFC88EA}
		{06F13945-4C6D-4C9E-8211-4462E4BF7F62} = {674EC1D7-9649-462E-A7A8-93D0DE84FE64}
	EndGlobalSection
	GlobalSection(MonoDevelopProperties) = preSolution
		Policies = $0
		$0.DotNetNamingPolicy = $1
		$1.DirectoryNamespaceAssociation = PrefixedHierarchical
		$0.TextStylePolicy = $2
		$2.scope = text/x-csharp
		$2.FileWidth = 80
		$2.TabWidth = 8
		$2.IndentWidth = 8
		$0.CSharpFormattingPolicy = $3
		$3.scope = text/x-csharp
		version = 0.2
	EndGlobalSection
EndGlobal
